lockfileVersion: 5.3

specifiers:
  '@patheticgeek/go-npm': ^0.1.13

dependencies:
  '@patheticgeek/go-npm': 0.1.13

packages:

  /@patheticgeek/go-npm/0.1.13:
    resolution: {integrity: sha512-kTRk5IcLa5/MVdUjMoYLXgSg9hZ4KJLXEB7AWPUWtdsYmH5HNEwzBevmNijYuk/rwuP40WD5yn2dUDIC7GyVIQ==}
    hasBin: true
    dev: false
